// !$*UTF8*$!
{
	archiveVersion = 1;
	classes = {
	};
	objectVersion = 56;
	objects = {

/* Begin PBXBuildFile section */
		F29694262C821DD3002066B1 /* UIRefreshControl+TitleAttributes.swift in Sources */ = {isa = PBXBuildFile; fileRef = F29694052C821DD2002066B1 /* UIRefreshControl+TitleAttributes.swift */; };
		F29694272C821DD3002066B1 /* ThemeAttributedStringPicker.swift in Sources */ = {isa = PBXBuildFile; fileRef = F29694062C821DD2002066B1 /* ThemeAttributedStringPicker.swift */; };
		F29694282C821DD3002066B1 /* NSObject+Theme.swift in Sources */ = {isa = PBXBuildFile; fileRef = F29694072C821DD2002066B1 /* NSObject+Theme.swift */; };
		F29694292C821DD3002066B1 /* ThemeScrollViewIndicatorStylePicker.swift in Sources */ = {isa = PBXBuildFile; fileRef = F29694082C821DD2002066B1 /* ThemeScrollViewIndicatorStylePicker.swift */; };
		F296942A2C821DD3002066B1 /* ThemeStringAttributesPicker.swift in Sources */ = {isa = PBXBuildFile; fileRef = F29694092C821DD2002066B1 /* ThemeStringAttributesPicker.swift */; };
		F296942B2C821DD3002066B1 /* ThemeNavigationBarAppearancePicker.swift in Sources */ = {isa = PBXBuildFile; fileRef = F296940A2C821DD2002066B1 /* ThemeNavigationBarAppearancePicker.swift */; };
		F296942C2C821DD3002066B1 /* NSAttributedString+Merge.swift in Sources */ = {isa = PBXBuildFile; fileRef = F296940B2C821DD2002066B1 /* NSAttributedString+Merge.swift */; };
		F296942D2C821DD3002066B1 /* UIColorExtension.swift in Sources */ = {isa = PBXBuildFile; fileRef = F296940C2C821DD2002066B1 /* UIColorExtension.swift */; };
		F296942E2C821DD3002066B1 /* ThemeImagePicker.swift in Sources */ = {isa = PBXBuildFile; fileRef = F296940D2C821DD2002066B1 /* ThemeImagePicker.swift */; };
		F296942F2C821DD3002066B1 /* ThemeManager+Plist.swift in Sources */ = {isa = PBXBuildFile; fileRef = F296940E2C821DD2002066B1 /* ThemeManager+Plist.swift */; };
		F29694302C821DD3002066B1 /* ThemeManager+OC.swift in Sources */ = {isa = PBXBuildFile; fileRef = F296940F2C821DD2002066B1 /* ThemeManager+OC.swift */; };
		F29694312C821DD3002066B1 /* ThemeManager+Index.swift in Sources */ = {isa = PBXBuildFile; fileRef = F29694102C821DD2002066B1 /* ThemeManager+Index.swift */; };
		F29694322C821DD3002066B1 /* ThemeBlurEffectPicker.swift in Sources */ = {isa = PBXBuildFile; fileRef = F29694112C821DD2002066B1 /* ThemeBlurEffectPicker.swift */; };
		F29694332C821DD3002066B1 /* ThemeKeyboardAppearancePicker.swift in Sources */ = {isa = PBXBuildFile; fileRef = F29694122C821DD2002066B1 /* ThemeKeyboardAppearancePicker.swift */; };
		F29694342C821DD3002066B1 /* ThemeCGColorPicker.swift in Sources */ = {isa = PBXBuildFile; fileRef = F29694132C821DD2002066B1 /* ThemeCGColorPicker.swift */; };
		F29694352C821DD3002066B1 /* ThemeActivityIndicatorViewStylePicker.swift in Sources */ = {isa = PBXBuildFile; fileRef = F29694142C821DD2002066B1 /* ThemeActivityIndicatorViewStylePicker.swift */; };
		F29694362C821DD3002066B1 /* ThemeManager.swift in Sources */ = {isa = PBXBuildFile; fileRef = F29694152C821DD2002066B1 /* ThemeManager.swift */; };
		F29694372C821DD3002066B1 /* ThemeFontPicker.swift in Sources */ = {isa = PBXBuildFile; fileRef = F29694162C821DD2002066B1 /* ThemeFontPicker.swift */; };
		F29694382C821DD3002066B1 /* ThemeCGFloatPicker.swift in Sources */ = {isa = PBXBuildFile; fileRef = F29694172C821DD2002066B1 /* ThemeCGFloatPicker.swift */; };
		F29694392C821DD3002066B1 /* ThemeStatusBarStylePicker.swift in Sources */ = {isa = PBXBuildFile; fileRef = F29694182C821DD2002066B1 /* ThemeStatusBarStylePicker.swift */; };
		F296943A2C821DD3002066B1 /* ThemeDictionaryPicker.swift in Sources */ = {isa = PBXBuildFile; fileRef = F29694192C821DD2002066B1 /* ThemeDictionaryPicker.swift */; };
		F296943B2C821DD3002066B1 /* ThemeTabBarAppearancePicker.swift in Sources */ = {isa = PBXBuildFile; fileRef = F296941A2C821DD2002066B1 /* ThemeTabBarAppearancePicker.swift */; };
		F296943C2C821DD3002066B1 /* ThemeBarStylePicker.swift in Sources */ = {isa = PBXBuildFile; fileRef = F296941B2C821DD2002066B1 /* ThemeBarStylePicker.swift */; };
		F296943D2C821DD3002066B1 /* ThemeVisualEffectPicker.swift in Sources */ = {isa = PBXBuildFile; fileRef = F296941C2C821DD2002066B1 /* ThemeVisualEffectPicker.swift */; };
		F296943E2C821DD3002066B1 /* UILabel+TextAttributes.swift in Sources */ = {isa = PBXBuildFile; fileRef = F296941D2C821DD2002066B1 /* UILabel+TextAttributes.swift */; };
		F296943F2C821DD3002066B1 /* ThemePicker.swift in Sources */ = {isa = PBXBuildFile; fileRef = F296941E2C821DD2002066B1 /* ThemePicker.swift */; };
		F29694402C821DD3002066B1 /* UITextField+PlaceholderAttributes.swift in Sources */ = {isa = PBXBuildFile; fileRef = F296941F2C821DD2002066B1 /* UITextField+PlaceholderAttributes.swift */; };
		F29694412C821DD3002066B1 /* ThemeColorPicker.swift in Sources */ = {isa = PBXBuildFile; fileRef = F29694202C821DD2002066B1 /* ThemeColorPicker.swift */; };
		F29694422C821DD3002066B1 /* ThemeAnyPicker.swift in Sources */ = {isa = PBXBuildFile; fileRef = F29694212C821DD2002066B1 /* ThemeAnyPicker.swift */; };
		F29694432C821DD3002066B1 /* UIKit+Theme.swift in Sources */ = {isa = PBXBuildFile; fileRef = F29694222C821DD3002066B1 /* UIKit+Theme.swift */; };
		F29694442C821DD3002066B1 /* ThemeStatePicker.swift in Sources */ = {isa = PBXBuildFile; fileRef = F29694232C821DD3002066B1 /* ThemeStatePicker.swift */; };
		F2C506092D0298CA002AF800 /* UIView.swift in Sources */ = {isa = PBXBuildFile; fileRef = F2C506082D0298CA002AF800 /* UIView.swift */; };
		F2C5060B2D0298FF002AF800 /* UIApplication.swift in Sources */ = {isa = PBXBuildFile; fileRef = F2C5060A2D0298FF002AF800 /* UIApplication.swift */; };
		F2C5060D2D029A4B002AF800 /* UIBarItem.swift in Sources */ = {isa = PBXBuildFile; fileRef = F2C5060C2D029A4B002AF800 /* UIBarItem.swift */; };
		F2C5060F2D029AAA002AF800 /* UIBarButtonItem.swift in Sources */ = {isa = PBXBuildFile; fileRef = F2C5060E2D029AAA002AF800 /* UIBarButtonItem.swift */; };
		F2C506112D029ACA002AF800 /* UILabel.swift in Sources */ = {isa = PBXBuildFile; fileRef = F2C506102D029ACA002AF800 /* UILabel.swift */; };
		F2C506132D029DD5002AF800 /* UINavigationBar.swift in Sources */ = {isa = PBXBuildFile; fileRef = F2C506122D029DD5002AF800 /* UINavigationBar.swift */; };
		F2C506152D029DF9002AF800 /* UITabBar.swift in Sources */ = {isa = PBXBuildFile; fileRef = F2C506142D029DF9002AF800 /* UITabBar.swift */; };
		F2C506182D029F1B002AF800 /* CALayer.swift in Sources */ = {isa = PBXBuildFile; fileRef = F2C506172D029F1B002AF800 /* CALayer.swift */; };
/* End PBXBuildFile section */

/* Begin PBXFileReference section */
		F29693F82C821A59002066B1 /* SwiftTheme.framework */ = {isa = PBXFileReference; explicitFileType = wrapper.framework; includeInIndex = 0; path = SwiftTheme.framework; sourceTree = BUILT_PRODUCTS_DIR; };
		F29694052C821DD2002066B1 /* UIRefreshControl+TitleAttributes.swift */ = {isa = PBXFileReference; fileEncoding = 4; lastKnownFileType = sourcecode.swift; path = "UIRefreshControl+TitleAttributes.swift"; sourceTree = "<group>"; };
		F29694062C821DD2002066B1 /* ThemeAttributedStringPicker.swift */ = {isa = PBXFileReference; fileEncoding = 4; lastKnownFileType = sourcecode.swift; path = ThemeAttributedStringPicker.swift; sourceTree = "<group>"; };
		F29694072C821DD2002066B1 /* NSObject+Theme.swift */ = {isa = PBXFileReference; fileEncoding = 4; lastKnownFileType = sourcecode.swift; path = "NSObject+Theme.swift"; sourceTree = "<group>"; };
		F29694082C821DD2002066B1 /* ThemeScrollViewIndicatorStylePicker.swift */ = {isa = PBXFileReference; fileEncoding = 4; lastKnownFileType = sourcecode.swift; path = ThemeScrollViewIndicatorStylePicker.swift; sourceTree = "<group>"; };
		F29694092C821DD2002066B1 /* ThemeStringAttributesPicker.swift */ = {isa = PBXFileReference; fileEncoding = 4; lastKnownFileType = sourcecode.swift; path = ThemeStringAttributesPicker.swift; sourceTree = "<group>"; };
		F296940A2C821DD2002066B1 /* ThemeNavigationBarAppearancePicker.swift */ = {isa = PBXFileReference; fileEncoding = 4; lastKnownFileType = sourcecode.swift; path = ThemeNavigationBarAppearancePicker.swift; sourceTree = "<group>"; };
		F296940B2C821DD2002066B1 /* NSAttributedString+Merge.swift */ = {isa = PBXFileReference; fileEncoding = 4; lastKnownFileType = sourcecode.swift; path = "NSAttributedString+Merge.swift"; sourceTree = "<group>"; };
		F296940C2C821DD2002066B1 /* UIColorExtension.swift */ = {isa = PBXFileReference; fileEncoding = 4; lastKnownFileType = sourcecode.swift; path = UIColorExtension.swift; sourceTree = "<group>"; };
		F296940D2C821DD2002066B1 /* ThemeImagePicker.swift */ = {isa = PBXFileReference; fileEncoding = 4; lastKnownFileType = sourcecode.swift; path = ThemeImagePicker.swift; sourceTree = "<group>"; };
		F296940E2C821DD2002066B1 /* ThemeManager+Plist.swift */ = {isa = PBXFileReference; fileEncoding = 4; lastKnownFileType = sourcecode.swift; path = "ThemeManager+Plist.swift"; sourceTree = "<group>"; };
		F29694102C821DD2002066B1 /* ThemeManager+Index.swift */ = {isa = PBXFileReference; fileEncoding = 4; lastKnownFileType = sourcecode.swift; path = "ThemeManager+Index.swift"; sourceTree = "<group>"; };
		F29694112C821DD2002066B1 /* ThemeBlurEffectPicker.swift */ = {isa = PBXFileReference; fileEncoding = 4; lastKnownFileType = sourcecode.swift; path = ThemeBlurEffectPicker.swift; sourceTree = "<group>"; };
		F29694122C821DD2002066B1 /* ThemeKeyboardAppearancePicker.swift */ = {isa = PBXFileReference; fileEncoding = 4; lastKnownFileType = sourcecode.swift; path = ThemeKeyboardAppearancePicker.swift; sourceTree = "<group>"; };
		F29694132C821DD2002066B1 /* ThemeCGColorPicker.swift */ = {isa = PBXFileReference; fileEncoding = 4; lastKnownFileType = sourcecode.swift; path = ThemeCGColorPicker.swift; sourceTree = "<group>"; };
		F29694142C821DD2002066B1 /* ThemeActivityIndicatorViewStylePicker.swift */ = {isa = PBXFileReference; fileEncoding = 4; lastKnownFileType = sourcecode.swift; path = ThemeActivityIndicatorViewStylePicker.swift; sourceTree = "<group>"; };
		F29694152C821DD2002066B1 /* ThemeManager.swift */ = {isa = PBXFileReference; fileEncoding = 4; lastKnownFileType = sourcecode.swift; path = ThemeManager.swift; sourceTree = "<group>"; };
		F29694162C821DD2002066B1 /* ThemeFontPicker.swift */ = {isa = PBXFileReference; fileEncoding = 4; lastKnownFileType = sourcecode.swift; path = ThemeFontPicker.swift; sourceTree = "<group>"; };
		F29694172C821DD2002066B1 /* ThemeCGFloatPicker.swift */ = {isa = PBXFileReference; fileEncoding = 4; lastKnownFileType = sourcecode.swift; path = ThemeCGFloatPicker.swift; sourceTree = "<group>"; };
		F29694182C821DD2002066B1 /* ThemeStatusBarStylePicker.swift */ = {isa = PBXFileReference; fileEncoding = 4; lastKnownFileType = sourcecode.swift; path = ThemeStatusBarStylePicker.swift; sourceTree = "<group>"; };
		F29694192C821DD2002066B1 /* ThemeDictionaryPicker.swift */ = {isa = PBXFileReference; fileEncoding = 4; lastKnownFileType = sourcecode.swift; path = ThemeDictionaryPicker.swift; sourceTree = "<group>"; };
		F296941A2C821DD2002066B1 /* ThemeTabBarAppearancePicker.swift */ = {isa = PBXFileReference; fileEncoding = 4; lastKnownFileType = sourcecode.swift; path = ThemeTabBarAppearancePicker.swift; sourceTree = "<group>"; };
		F296941B2C821DD2002066B1 /* ThemeBarStylePicker.swift */ = {isa = PBXFileReference; fileEncoding = 4; lastKnownFileType = sourcecode.swift; path = ThemeBarStylePicker.swift; sourceTree = "<group>"; };
		F296941C2C821DD2002066B1 /* ThemeVisualEffectPicker.swift */ = {isa = PBXFileReference; fileEncoding = 4; lastKnownFileType = sourcecode.swift; path = ThemeVisualEffectPicker.swift; sourceTree = "<group>"; };
		F296941D2C821DD2002066B1 /* UILabel+TextAttributes.swift */ = {isa = PBXFileReference; fileEncoding = 4; lastKnownFileType = sourcecode.swift; path = "UILabel+TextAttributes.swift"; sourceTree = "<group>"; };
		F296941E2C821DD2002066B1 /* ThemePicker.swift */ = {isa = PBXFileReference; fileEncoding = 4; lastKnownFileType = sourcecode.swift; path = ThemePicker.swift; sourceTree = "<group>"; };
		F296941F2C821DD2002066B1 /* UITextField+PlaceholderAttributes.swift */ = {isa = PBXFileReference; fileEncoding = 4; lastKnownFileType = sourcecode.swift; path = "UITextField+PlaceholderAttributes.swift"; sourceTree = "<group>"; };
		F29694202C821DD2002066B1 /* ThemeColorPicker.swift */ = {isa = PBXFileReference; fileEncoding = 4; lastKnownFileType = sourcecode.swift; path = ThemeColorPicker.swift; sourceTree = "<group>"; };
		F29694212C821DD2002066B1 /* ThemeAnyPicker.swift */ = {isa = PBXFileReference; fileEncoding = 4; lastKnownFileType = sourcecode.swift; path = ThemeAnyPicker.swift; sourceTree = "<group>"; };
		F29694222C821DD3002066B1 /* UIKit+Theme.swift */ = {isa = PBXFileReference; fileEncoding = 4; lastKnownFileType = sourcecode.swift; path = "UIKit+Theme.swift"; sourceTree = "<group>"; };
		F29694232C821DD3002066B1 /* ThemeStatePicker.swift */ = {isa = PBXFileReference; fileEncoding = 4; lastKnownFileType = sourcecode.swift; path = ThemeStatePicker.swift; sourceTree = "<group>"; };
		F2C506082D0298CA002AF800 /* UIView.swift */ = {isa = PBXFileReference; lastKnownFileType = sourcecode.swift; path = UIView.swift; sourceTree = "<group>"; };
		F2C5060A2D0298FF002AF800 /* UIApplication.swift */ = {isa = PBXFileReference; lastKnownFileType = sourcecode.swift; path = UIApplication.swift; sourceTree = "<group>"; };
		F2C5060C2D029A4B002AF800 /* UIBarItem.swift */ = {isa = PBXFileReference; lastKnownFileType = sourcecode.swift; path = UIBarItem.swift; sourceTree = "<group>"; };
		F2C5060E2D029AAA002AF800 /* UIBarButtonItem.swift */ = {isa = PBXFileReference; lastKnownFileType = sourcecode.swift; path = UIBarButtonItem.swift; sourceTree = "<group>"; };
		F2C506102D029ACA002AF800 /* UILabel.swift */ = {isa = PBXFileReference; lastKnownFileType = sourcecode.swift; path = UILabel.swift; sourceTree = "<group>"; };
		F2C506122D029DD5002AF800 /* UINavigationBar.swift */ = {isa = PBXFileReference; lastKnownFileType = sourcecode.swift; path = UINavigationBar.swift; sourceTree = "<group>"; };
		F2C506142D029DF9002AF800 /* UITabBar.swift */ = {isa = PBXFileReference; lastKnownFileType = sourcecode.swift; path = UITabBar.swift; sourceTree = "<group>"; };
		F2C506172D029F1B002AF800 /* CALayer.swift */ = {isa = PBXFileReference; lastKnownFileType = sourcecode.swift; path = CALayer.swift; sourceTree = "<group>"; };
/* End PBXFileReference section */

/* Begin PBXFrameworksBuildPhase section */
		F29693F52C821A59002066B1 /* Frameworks */ = {
			isa = PBXFrameworksBuildPhase;
			buildActionMask = 2147483647;
			files = (
			);
			runOnlyForDeploymentPostprocessing = 0;
		};
/* End PBXFrameworksBuildPhase section */

/* Begin PBXGroup section */
		F29693EE2C821A59002066B1 = {
			isa = PBXGroup;
			children = (
				F29693FA2C821A59002066B1 /* SwiftTheme */,
				F29693F92C821A59002066B1 /* Products */,
			);
			sourceTree = "<group>";
		};
		F29693F92C821A59002066B1 /* Products */ = {
			isa = PBXGroup;
			children = (
				F29693F82C821A59002066B1 /* SwiftTheme.framework */,
			);
			name = Products;
			sourceTree = "<group>";
		};
		F29693FA2C821A59002066B1 /* SwiftTheme */ = {
			isa = PBXGroup;
			children = (
				F2C506072D0298B6002AF800 /* ThemeColorSet */,
				F2C506042D029669002AF800 /* Managers */,
				F2C506032D029624002AF800 /* Pickers */,
				F296940B2C821DD2002066B1 /* NSAttributedString+Merge.swift */,
				F29694072C821DD2002066B1 /* NSObject+Theme.swift */,
				F296940C2C821DD2002066B1 /* UIColorExtension.swift */,
				F296941D2C821DD2002066B1 /* UILabel+TextAttributes.swift */,
				F29694052C821DD2002066B1 /* UIRefreshControl+TitleAttributes.swift */,
				F296941F2C821DD2002066B1 /* UITextField+PlaceholderAttributes.swift */,
			);
			path = SwiftTheme;
			sourceTree = "<group>";
		};
		F2C506032D029624002AF800 /* Pickers */ = {
			isa = PBXGroup;
			children = (
				F29694142C821DD2002066B1 /* ThemeActivityIndicatorViewStylePicker.swift */,
				F29694212C821DD2002066B1 /* ThemeAnyPicker.swift */,
				F29694062C821DD2002066B1 /* ThemeAttributedStringPicker.swift */,
				F296941B2C821DD2002066B1 /* ThemeBarStylePicker.swift */,
				F29694112C821DD2002066B1 /* ThemeBlurEffectPicker.swift */,
				F29694132C821DD2002066B1 /* ThemeCGColorPicker.swift */,
				F29694172C821DD2002066B1 /* ThemeCGFloatPicker.swift */,
				F29694202C821DD2002066B1 /* ThemeColorPicker.swift */,
				F29694192C821DD2002066B1 /* ThemeDictionaryPicker.swift */,
				F29694162C821DD2002066B1 /* ThemeFontPicker.swift */,
				F296940D2C821DD2002066B1 /* ThemeImagePicker.swift */,
				F29694122C821DD2002066B1 /* ThemeKeyboardAppearancePicker.swift */,
				F296940A2C821DD2002066B1 /* ThemeNavigationBarAppearancePicker.swift */,
				F29694082C821DD2002066B1 /* ThemeScrollViewIndicatorStylePicker.swift */,
				F29694232C821DD3002066B1 /* ThemeStatePicker.swift */,
				F29694182C821DD2002066B1 /* ThemeStatusBarStylePicker.swift */,
				F29694092C821DD2002066B1 /* ThemeStringAttributesPicker.swift */,
				F296941A2C821DD2002066B1 /* ThemeTabBarAppearancePicker.swift */,
				F296941C2C821DD2002066B1 /* ThemeVisualEffectPicker.swift */,
				F296941E2C821DD2002066B1 /* ThemePicker.swift */,
			);
			path = Pickers;
			sourceTree = "<group>";
		};
		F2C506042D029669002AF800 /* Managers */ = {
			isa = PBXGroup;
			children = (
				F29694152C821DD2002066B1 /* ThemeManager.swift */,
				F29694102C821DD2002066B1 /* ThemeManager+Index.swift */,
				F296940E2C821DD2002066B1 /* ThemeManager+Plist.swift */,
			);
			path = Managers;
			sourceTree = "<group>";
		};
		F2C506072D0298B6002AF800 /* ThemeColorSet */ = {
			isa = PBXGroup;
			children = (
				F2C506162D029F08002AF800 /* CALayer */,
				F2C506082D0298CA002AF800 /* UIView.swift */,
				F2C5060A2D0298FF002AF800 /* UIApplication.swift */,
				F2C5060C2D029A4B002AF800 /* UIBarItem.swift */,
				F2C5060E2D029AAA002AF800 /* UIBarButtonItem.swift */,
				F2C506102D029ACA002AF800 /* UILabel.swift */,
				F2C506122D029DD5002AF800 /* UINavigationBar.swift */,
				F2C506142D029DF9002AF800 /* UITabBar.swift */,
				F29694222C821DD3002066B1 /* UIKit+Theme.swift */,
			);
			path = ThemeColorSet;
			sourceTree = "<group>";
		};
		F2C506162D029F08002AF800 /* CALayer */ = {
			isa = PBXGroup;
			children = (
				F2C506172D029F1B002AF800 /* CALayer.swift */,
			);
			path = CALayer;
			sourceTree = "<group>";
		};
/* End PBXGroup section */

/* Begin PBXHeadersBuildPhase section */
		F29693F32C821A59002066B1 /* Headers */ = {
			isa = PBXHeadersBuildPhase;
			buildActionMask = 2147483647;
			files = (
			);
			runOnlyForDeploymentPostprocessing = 0;
		};
/* End PBXHeadersBuildPhase section */

/* Begin PBXNativeTarget section */
		F29693F72C821A59002066B1 /* SwiftTheme */ = {
			isa = PBXNativeTarget;
			buildConfigurationList = F29693FF2C821A59002066B1 /* Build configuration list for PBXNativeTarget "SwiftTheme" */;
			buildPhases = (
				F29693F32C821A59002066B1 /* Headers */,
				F29693F42C821A59002066B1 /* Sources */,
				F29693F52C821A59002066B1 /* Frameworks */,
				F29693F62C821A59002066B1 /* Resources */,
			);
			buildRules = (
			);
			dependencies = (
			);
			name = SwiftTheme;
			productName = SwiftTheme;
			productReference = F29693F82C821A59002066B1 /* SwiftTheme.framework */;
			productType = "com.apple.product-type.framework";
		};
/* End PBXNativeTarget section */

/* Begin PBXProject section */
		F29693EF2C821A59002066B1 /* Project object */ = {
			isa = PBXProject;
			attributes = {
				BuildIndependentTargetsInParallel = 1;
				LastUpgradeCheck = 1540;
				ORGANIZATIONNAME = AAVN;
				TargetAttributes = {
					F29693F72C821A59002066B1 = {
						CreatedOnToolsVersion = 15.4;
						LastSwiftMigration = 1540;
					};
				};
			};
			buildConfigurationList = F29693F22C821A59002066B1 /* Build configuration list for PBXProject "SwiftTheme" */;
			compatibilityVersion = "Xcode 14.0";
			developmentRegion = en;
			hasScannedForEncodings = 0;
			knownRegions = (
				en,
				Base,
			);
			mainGroup = F29693EE2C821A59002066B1;
			productRefGroup = F29693F92C821A59002066B1 /* Products */;
			projectDirPath = "";
			projectRoot = "";
			targets = (
				F29693F72C821A59002066B1 /* SwiftTheme */,
			);
		};
/* End PBXProject section */

/* Begin PBXResourcesBuildPhase section */
		F29693F62C821A59002066B1 /* Resources */ = {
			isa = PBXResourcesBuildPhase;
			buildActionMask = 2147483647;
			files = (
			);
			runOnlyForDeploymentPostprocessing = 0;
		};
/* End PBXResourcesBuildPhase section */

/* Begin PBXSourcesBuildPhase section */
		F29693F42C821A59002066B1 /* Sources */ = {
			isa = PBXSourcesBuildPhase;
			buildActionMask = 2147483647;
			files = (
				F29694312C821DD3002066B1 /* ThemeManager+Index.swift in Sources */,
				F29694272C821DD3002066B1 /* ThemeAttributedStringPicker.swift in Sources */,
				F29694292C821DD3002066B1 /* ThemeScrollViewIndicatorStylePicker.swift in Sources */,
				F296943B2C821DD3002066B1 /* ThemeTabBarAppearancePicker.swift in Sources */,
				F29694262C821DD3002066B1 /* UIRefreshControl+TitleAttributes.swift in Sources */,
				F2C506092D0298CA002AF800 /* UIView.swift in Sources */,
				F296942D2C821DD3002066B1 /* UIColorExtension.swift in Sources */,
				F296942C2C821DD3002066B1 /* NSAttributedString+Merge.swift in Sources */,
				F29694332C821DD3002066B1 /* ThemeKeyboardAppearancePicker.swift in Sources */,
				F296942E2C821DD3002066B1 /* ThemeImagePicker.swift in Sources */,
				F2C506182D029F1B002AF800 /* CALayer.swift in Sources */,
				F29694412C821DD3002066B1 /* ThemeColorPicker.swift in Sources */,
				F2C506132D029DD5002AF800 /* UINavigationBar.swift in Sources */,
				F2C5060D2D029A4B002AF800 /* UIBarItem.swift in Sources */,
				F296942F2C821DD3002066B1 /* ThemeManager+Plist.swift in Sources */,
				F296943D2C821DD3002066B1 /* ThemeVisualEffectPicker.swift in Sources */,
				F29694392C821DD3002066B1 /* ThemeStatusBarStylePicker.swift in Sources */,
				F29694442C821DD3002066B1 /* ThemeStatePicker.swift in Sources */,
				F2C506152D029DF9002AF800 /* UITabBar.swift in Sources */,
				F296943E2C821DD3002066B1 /* UILabel+TextAttributes.swift in Sources */,
				F296943A2C821DD3002066B1 /* ThemeDictionaryPicker.swift in Sources */,
				F296942A2C821DD3002066B1 /* ThemeStringAttributesPicker.swift in Sources */,
				F29694362C821DD3002066B1 /* ThemeManager.swift in Sources */,
				F29694342C821DD3002066B1 /* ThemeCGColorPicker.swift in Sources */,
				F29694372C821DD3002066B1 /* ThemeFontPicker.swift in Sources */,
				F29694382C821DD3002066B1 /* ThemeCGFloatPicker.swift in Sources */,
				F29694432C821DD3002066B1 /* UIKit+Theme.swift in Sources */,
				F2C506112D029ACA002AF800 /* UILabel.swift in Sources */,
				F29694322C821DD3002066B1 /* ThemeBlurEffectPicker.swift in Sources */,
				F29694422C821DD3002066B1 /* ThemeAnyPicker.swift in Sources */,
				F296943C2C821DD3002066B1 /* ThemeBarStylePicker.swift in Sources */,
				F29694402C821DD3002066B1 /* UITextField+PlaceholderAttributes.swift in Sources */,
				F29694352C821DD3002066B1 /* ThemeActivityIndicatorViewStylePicker.swift in Sources */,
				F2C5060F2D029AAA002AF800 /* UIBarButtonItem.swift in Sources */,
				F296943F2C821DD3002066B1 /* ThemePicker.swift in Sources */,
				F29694282C821DD3002066B1 /* NSObject+Theme.swift in Sources */,
				F2C5060B2D0298FF002AF800 /* UIApplication.swift in Sources */,
				F296942B2C821DD3002066B1 /* ThemeNavigationBarAppearancePicker.swift in Sources */,
			);
			runOnlyForDeploymentPostprocessing = 0;
		};
/* End PBXSourcesBuildPhase section */

/* Begin XCBuildConfiguration section */
		F29693FD2C821A59002066B1 /* Debug */ = {
			isa = XCBuildConfiguration;
			buildSettings = {
				ALWAYS_SEARCH_USER_PATHS = NO;
				ASSETCATALOG_COMPILER_GENERATE_SWIFT_ASSET_SYMBOL_EXTENSIONS = YES;
				CLANG_ANALYZER_NONNULL = YES;
				CLANG_ANALYZER_NUMBER_OBJECT_CONVERSION = YES_AGGRESSIVE;
				CLANG_CXX_LANGUAGE_STANDARD = "gnu++20";
				CLANG_ENABLE_MODULES = YES;
				CLANG_ENABLE_OBJC_ARC = YES;
				CLANG_ENABLE_OBJC_WEAK = YES;
				CLANG_WARN_BLOCK_CAPTURE_AUTORELEASING = YES;
				CLANG_WARN_BOOL_CONVERSION = YES;
				CLANG_WARN_COMMA = YES;
				CLANG_WARN_CONSTANT_CONVERSION = YES;
				CLANG_WARN_DEPRECATED_OBJC_IMPLEMENTATIONS = YES;
				CLANG_WARN_DIRECT_OBJC_ISA_USAGE = YES_ERROR;
				CLANG_WARN_DOCUMENTATION_COMMENTS = YES;
				CLANG_WARN_EMPTY_BODY = YES;
				CLANG_WARN_ENUM_CONVERSION = YES;
				CLANG_WARN_INFINITE_RECURSION = YES;
				CLANG_WARN_INT_CONVERSION = YES;
				CLANG_WARN_NON_LITERAL_NULL_CONVERSION = YES;
				CLANG_WARN_OBJC_IMPLICIT_RETAIN_SELF = YES;
				CLANG_WARN_OBJC_LITERAL_CONVERSION = YES;
				CLANG_WARN_OBJC_ROOT_CLASS = YES_ERROR;
				CLANG_WARN_QUOTED_INCLUDE_IN_FRAMEWORK_HEADER = YES;
				CLANG_WARN_RANGE_LOOP_ANALYSIS = YES;
				CLANG_WARN_STRICT_PROTOTYPES = YES;
				CLANG_WARN_SUSPICIOUS_MOVE = YES;
				CLANG_WARN_UNGUARDED_AVAILABILITY = YES_AGGRESSIVE;
				CLANG_WARN_UNREACHABLE_CODE = YES;
				CLANG_WARN__DUPLICATE_METHOD_MATCH = YES;
				COPY_PHASE_STRIP = NO;
				CURRENT_PROJECT_VERSION = 1;
				DEBUG_INFORMATION_FORMAT = dwarf;
				ENABLE_STRICT_OBJC_MSGSEND = YES;
				ENABLE_TESTABILITY = YES;
				ENABLE_USER_SCRIPT_SANDBOXING = YES;
				GCC_C_LANGUAGE_STANDARD = gnu17;
				GCC_DYNAMIC_NO_PIC = NO;
				GCC_NO_COMMON_BLOCKS = YES;
				GCC_OPTIMIZATION_LEVEL = 0;
				GCC_PREPROCESSOR_DEFINITIONS = (
					"DEBUG=1",
					"$(inherited)",
				);
				GCC_WARN_64_TO_32_BIT_CONVERSION = YES;
				GCC_WARN_ABOUT_RETURN_TYPE = YES_ERROR;
				GCC_WARN_UNDECLARED_SELECTOR = YES;
				GCC_WARN_UNINITIALIZED_AUTOS = YES_AGGRESSIVE;
				GCC_WARN_UNUSED_FUNCTION = YES;
				GCC_WARN_UNUSED_VARIABLE = YES;
				IPHONEOS_DEPLOYMENT_TARGET = 15.0;
				LOCALIZATION_PREFERS_STRING_CATALOGS = YES;
				MTL_ENABLE_DEBUG_INFO = INCLUDE_SOURCE;
				MTL_FAST_MATH = YES;
				ONLY_ACTIVE_ARCH = YES;
				SDKROOT = iphoneos;
				SWIFT_ACTIVE_COMPILATION_CONDITIONS = "DEBUG $(inherited)";
				SWIFT_OPTIMIZATION_LEVEL = "-Onone";
				VERSIONING_SYSTEM = "apple-generic";
				VERSION_INFO_PREFIX = "";
			};
			name = Debug;
		};
		F29693FE2C821A59002066B1 /* Release */ = {
			isa = XCBuildConfiguration;
			buildSettings = {
				ALWAYS_SEARCH_USER_PATHS = NO;
				ASSETCATALOG_COMPILER_GENERATE_SWIFT_ASSET_SYMBOL_EXTENSIONS = YES;
				CLANG_ANALYZER_NONNULL = YES;
				CLANG_ANALYZER_NUMBER_OBJECT_CONVERSION = YES_AGGRESSIVE;
				CLANG_CXX_LANGUAGE_STANDARD = "gnu++20";
				CLANG_ENABLE_MODULES = YES;
				CLANG_ENABLE_OBJC_ARC = YES;
				CLANG_ENABLE_OBJC_WEAK = YES;
				CLANG_WARN_BLOCK_CAPTURE_AUTORELEASING = YES;
				CLANG_WARN_BOOL_CONVERSION = YES;
				CLANG_WARN_COMMA = YES;
				CLANG_WARN_CONSTANT_CONVERSION = YES;
				CLANG_WARN_DEPRECATED_OBJC_IMPLEMENTATIONS = YES;
				CLANG_WARN_DIRECT_OBJC_ISA_USAGE = YES_ERROR;
				CLANG_WARN_DOCUMENTATION_COMMENTS = YES;
				CLANG_WARN_EMPTY_BODY = YES;
				CLANG_WARN_ENUM_CONVERSION = YES;
				CLANG_WARN_INFINITE_RECURSION = YES;
				CLANG_WARN_INT_CONVERSION = YES;
				CLANG_WARN_NON_LITERAL_NULL_CONVERSION = YES;
				CLANG_WARN_OBJC_IMPLICIT_RETAIN_SELF = YES;
				CLANG_WARN_OBJC_LITERAL_CONVERSION = YES;
				CLANG_WARN_OBJC_ROOT_CLASS = YES_ERROR;
				CLANG_WARN_QUOTED_INCLUDE_IN_FRAMEWORK_HEADER = YES;
				CLANG_WARN_RANGE_LOOP_ANALYSIS = YES;
				CLANG_WARN_STRICT_PROTOTYPES = YES;
				CLANG_WARN_SUSPICIOUS_MOVE = YES;
				CLANG_WARN_UNGUARDED_AVAILABILITY = YES_AGGRESSIVE;
				CLANG_WARN_UNREACHABLE_CODE = YES;
				CLANG_WARN__DUPLICATE_METHOD_MATCH = YES;
				COPY_PHASE_STRIP = NO;
				CURRENT_PROJECT_VERSION = 1;
				DEBUG_INFORMATION_FORMAT = "dwarf-with-dsym";
				ENABLE_NS_ASSERTIONS = NO;
				ENABLE_STRICT_OBJC_MSGSEND = YES;
				ENABLE_USER_SCRIPT_SANDBOXING = YES;
				GCC_C_LANGUAGE_STANDARD = gnu17;
				GCC_NO_COMMON_BLOCKS = YES;
				GCC_WARN_64_TO_32_BIT_CONVERSION = YES;
				GCC_WARN_ABOUT_RETURN_TYPE = YES_ERROR;
				GCC_WARN_UNDECLARED_SELECTOR = YES;
				GCC_WARN_UNINITIALIZED_AUTOS = YES_AGGRESSIVE;
				GCC_WARN_UNUSED_FUNCTION = YES;
				GCC_WARN_UNUSED_VARIABLE = YES;
				IPHONEOS_DEPLOYMENT_TARGET = 15.0;
				LOCALIZATION_PREFERS_STRING_CATALOGS = YES;
				MTL_ENABLE_DEBUG_INFO = NO;
				MTL_FAST_MATH = YES;
				SDKROOT = iphoneos;
				SWIFT_COMPILATION_MODE = wholemodule;
				VALIDATE_PRODUCT = YES;
				VERSIONING_SYSTEM = "apple-generic";
				VERSION_INFO_PREFIX = "";
			};
			name = Release;
		};
		F29694002C821A59002066B1 /* Debug */ = {
			isa = XCBuildConfiguration;
			buildSettings = {
				BUILD_LIBRARY_FOR_DISTRIBUTION = YES;
				CLANG_ENABLE_MODULES = YES;
				CODE_SIGN_STYLE = Automatic;
				CURRENT_PROJECT_VERSION = 1;
				DEFINES_MODULE = YES;
				DYLIB_COMPATIBILITY_VERSION = 1;
				DYLIB_CURRENT_VERSION = 1;
				DYLIB_INSTALL_NAME_BASE = "@rpath";
				ENABLE_MODULE_VERIFIER = YES;
				GENERATE_INFOPLIST_FILE = YES;
				INFOPLIST_KEY_NSHumanReadableCopyright = "";
				INSTALL_PATH = "$(LOCAL_LIBRARY_DIR)/Frameworks";
				IPHONEOS_DEPLOYMENT_TARGET = 14.0;
				LD_RUNPATH_SEARCH_PATHS = (
					"$(inherited)",
					"@executable_path/Frameworks",
					"@loader_path/Frameworks",
				);
				MARKETING_VERSION = 1.0;
				MODULE_VERIFIER_SUPPORTED_LANGUAGES = "objective-c objective-c++";
				MODULE_VERIFIER_SUPPORTED_LANGUAGE_STANDARDS = "gnu17 gnu++20";
				PRODUCT_BUNDLE_IDENTIFIER = "ios-theme-showcase.app.SwiftTheme";
				PRODUCT_NAME = "$(TARGET_NAME:c99extidentifier)";
				SKIP_INSTALL = YES;
				SUPPORTED_PLATFORMS = "iphoneos iphonesimulator";
				SUPPORTS_MACCATALYST = NO;
				SUPPORTS_MAC_DESIGNED_FOR_IPHONE_IPAD = NO;
				SUPPORTS_XR_DESIGNED_FOR_IPHONE_IPAD = NO;
				SWIFT_EMIT_LOC_STRINGS = YES;
				SWIFT_INSTALL_OBJC_HEADER = NO;
				SWIFT_OPTIMIZATION_LEVEL = "-Onone";
				SWIFT_VERSION = 5.0;
				TARGETED_DEVICE_FAMILY = 1;
			};
			name = Debug;
		};
		F29694012C821A59002066B1 /* Release */ = {
			isa = XCBuildConfiguration;
			buildSettings = {
				BUILD_LIBRARY_FOR_DISTRIBUTION = YES;
				CLANG_ENABLE_MODULES = YES;
				CODE_SIGN_STYLE = Automatic;
				CURRENT_PROJECT_VERSION = 1;
				DEFINES_MODULE = YES;
				DYLIB_COMPATIBILITY_VERSION = 1;
				DYLIB_CURRENT_VERSION = 1;
				DYLIB_INSTALL_NAME_BASE = "@rpath";
				ENABLE_MODULE_VERIFIER = YES;
				GENERATE_INFOPLIST_FILE = YES;
				INFOPLIST_KEY_NSHumanReadableCopyright = "";
				INSTALL_PATH = "$(LOCAL_LIBRARY_DIR)/Frameworks";
				IPHONEOS_DEPLOYMENT_TARGET = 14.0;
				LD_RUNPATH_SEARCH_PATHS = (
					"$(inherited)",
					"@executable_path/Frameworks",
					"@loader_path/Frameworks",
				);
				MARKETING_VERSION = 1.0;
				MODULE_VERIFIER_SUPPORTED_LANGUAGES = "objective-c objective-c++";
				MODULE_VERIFIER_SUPPORTED_LANGUAGE_STANDARDS = "gnu17 gnu++20";
				PRODUCT_BUNDLE_IDENTIFIER = "ios-theme-showcase.app.SwiftTheme";
				PRODUCT_NAME = "$(TARGET_NAME:c99extidentifier)";
				SKIP_INSTALL = YES;
				SUPPORTED_PLATFORMS = "iphoneos iphonesimulator";
				SUPPORTS_MACCATALYST = NO;
				SUPPORTS_MAC_DESIGNED_FOR_IPHONE_IPAD = NO;
				SUPPORTS_XR_DESIGNED_FOR_IPHONE_IPAD = NO;
				SWIFT_EMIT_LOC_STRINGS = YES;
				SWIFT_INSTALL_OBJC_HEADER = NO;
				SWIFT_VERSION = 5.0;
				TARGETED_DEVICE_FAMILY = 1;
			};
			name = Release;
		};
/* End XCBuildConfiguration section */

/* Begin XCConfigurationList section */
		F29693F22C821A59002066B1 /* Build configuration list for PBXProject "SwiftTheme" */ = {
			isa = XCConfigurationList;
			buildConfigurations = (
				F29693FD2C821A59002066B1 /* Debug */,
				F29693FE2C821A59002066B1 /* Release */,
			);
			defaultConfigurationIsVisible = 0;
			defaultConfigurationName = Release;
		};
		F29693FF2C821A59002066B1 /* Build configuration list for PBXNativeTarget "SwiftTheme" */ = {
			isa = XCConfigurationList;
			buildConfigurations = (
				F29694002C821A59002066B1 /* Debug */,
				F29694012C821A59002066B1 /* Release */,
			);
			defaultConfigurationIsVisible = 0;
			defaultConfigurationName = Release;
		};
/* End XCConfigurationList section */
	};
	rootObject = F29693EF2C821A59002066B1 /* Project object */;
}
